
Microsoft Visual Studio Solution File, Format Version 12.00
# Visual Studio 15
VisualStudioVersion = 15.0.27703.2035
MinimumVisualStudioVersion = 10.0.40219.1
Project("{FAE04EC0-301F-11D3-BF4B-00C04F79EFBC}") = "Client-Server", "Client-Server\Client-Server.csproj", "{1B6CF251-8684-4515-B551-E19ACAFCB0E9}"
EndProject
Global
	GlobalSection(SolutionConfigurationPlatforms) = preSolution
		Debug|Any CPU = Debug|Any CPU
		Release|Any CPU = Release|Any CPU
	EndGlobalSection
	GlobalSection(ProjectConfigurationPlatforms) = postSolution
		{1B6CF251-8684-4515-B551-E19ACAFCB0E9}.Debug|Any CPU.ActiveCfg = Debug|Any CPU
		{1B6CF251-8684-4515-B551-E19ACAFCB0E9}.Debug|Any CPU.Build.0 = Debug|Any CPU
		{1B6CF251-8684-4515-B551-E19ACAFCB0E9}.Release|Any CPU.ActiveCfg = Release|Any CPU
		{1B6CF251-8684-4515-B551-E19ACAFCB0E9}.Release|Any CPU.Build.0 = Release|Any CPU
	EndGlobalSection
	GlobalSection(SolutionProperties) = preSolution
		HideSolutionNode = FALSE
	EndGlobalSection
	GlobalSection(ExtensibilityGlobals) = postSolution
		SolutionGuid = {5C435B59-02EC-47D3-AA1F-7A6922C502A0}
	EndGlobalSection
EndGlobal
